
Microsoft Visual Studio Solution File, Format Version 12.00
# Visual Studio 2013
VisualStudioVersion = 12.0.31101.0
MinimumVisualStudioVersion = 10.0.40219.1
Project("{FAE04EC0-301F-11D3-BF4B-00C04F79EFBC}") = "jjjhhjhjhjhjhjh.ODataBackend", "ODataBackend/jjjhhjhjhjhjhjh.ODataBackend.csproj", "{9206FDF5-7A9D-460F-8945-CBCBC8EE1394}"
EndProject
Project("{FAE04EC0-301F-11D3-BF4B-00C04F79EFBC}") = "jjjhhjhjhjhjhjh.Objects", "Objects/jjjhhjhjhjhjhjh.Objects.csproj", "{8DBFED0B-E218-4213-A7EF-364F2837BE55}"
EndProject
Global
	GlobalSection(SolutionConfigurationPlatforms) = preSolution
Debug|Any CPU = Debug|Any CPU
Release|Any CPU = Release|Any CPU
	EndGlobalSection
	GlobalSection(ProjectConfigurationPlatforms) = postSolution
		{9206FDF5-7A9D-460F-8945-CBCBC8EE1394}.Debug|Any CPU.ActiveCfg = Debug|Any CPU
		{9206FDF5-7A9D-460F-8945-CBCBC8EE1394}.Debug|Any CPU.Build.0 = Debug|Any CPU
		{9206FDF5-7A9D-460F-8945-CBCBC8EE1394}.Release|Any CPU.ActiveCfg = Release|Any CPU
		{9206FDF5-7A9D-460F-8945-CBCBC8EE1394}.Release|Any CPU.Build.0 = Release|Any CPU
		{8DBFED0B-E218-4213-A7EF-364F2837BE55}.Debug|Any CPU.ActiveCfg = Debug|Any CPU
		{8DBFED0B-E218-4213-A7EF-364F2837BE55}.Debug|Any CPU.Build.0 = Debug|Any CPU
		{8DBFED0B-E218-4213-A7EF-364F2837BE55}.Release|Any CPU.ActiveCfg = Release|Any CPU
		{8DBFED0B-E218-4213-A7EF-364F2837BE55}.Release|Any CPU.Build.0 = Release|Any CPU
	EndGlobalSection
	GlobalSection(SolutionProperties) = preSolution
		HideSolutionNode = FALSE
	EndGlobalSection
EndGlobal
